
Microsoft Visual Studio Solution File, Format Version 12.00
# Visual Studio Version 17
VisualStudioVersion = 17.1.32421.90
MinimumVisualStudioVersion = 10.0.40219.1
Project("{FAE04EC0-301F-11D3-BF4B-00C04F79EFBC}") = "Homework3", "Homework3\Homework3.csproj", "{FC3E476F-0DFA-413D-A115-5DC7939C6426}"
EndProject
Global
	GlobalSection(SolutionConfigurationPlatforms) = preSolution
		Debug|Any CPU = Debug|Any CPU
		Release|Any CPU = Release|Any CPU
	EndGlobalSection
	GlobalSection(ProjectConfigurationPlatforms) = postSolution
		{FC3E476F-0DFA-413D-A115-5DC7939C6426}.Debug|Any CPU.ActiveCfg = Debug|Any CPU
		{FC3E476F-0DFA-413D-A115-5DC7939C6426}.Debug|Any CPU.Build.0 = Debug|Any CPU
		{FC3E476F-0DFA-413D-A115-5DC7939C6426}.Release|Any CPU.ActiveCfg = Release|Any CPU
		{FC3E476F-0DFA-413D-A115-5DC7939C6426}.Release|Any CPU.Build.0 = Release|Any CPU
	EndGlobalSection
	GlobalSection(SolutionProperties) = preSolution
		HideSolutionNode = FALSE
	EndGlobalSection
	GlobalSection(ExtensibilityGlobals) = postSolution
		SolutionGuid = {71D21DDB-5303-4D82-9B08-7E356CA6E33D}
	EndGlobalSection
EndGlobal
